github.com/Kwynto/gosession v0.2.1 h1:d0Dz1IBcjQ44nkAWkOz7hYEYrCfkyIjOIMnBhVy/GiE=
github.com/Kwynto/gosession v0.2.1/go.mod h1:t9ebCczcC/w08whDLwShIZ59finO9EyRkiQf5B31m90=
github.com/Kwynto/gosession v0.2.3 h1:8Ag0nXX0cCxrbFOFdCdPI9u46YtEEG/JFx1iHF+PH6I=
github.com/Kwynto/gosession v0.2.3/go.mod h1:t9ebCczcC/w08whDLwShIZ59finO9EyRkiQf5B31m90=
github.com/Kwynto/gosession v0.2.4 h1:SdK/0o1o88El3ALz/kFfZlrCfPBC6b6Czha6S5tb6vc=
github.com/Kwynto/gosession v0.2.4/go.mod h1:t9ebCczcC/w08whDLwShIZ59finO9EyRkiQf5B31m90=
